<?xml version="1.0" encoding="utf-8"?>
<Project ToolsVersion="4.0" xmlns="http://schemas.microsoft.com/developer/msbuild/2003">
  <ItemGroup>
    <Filter Include="Source Files">
      <UniqueIdentifier>{4FC737F1-C7A5-4376-A066-2A32D752A2FF}</UniqueIdentifier>
      <Extensions>cpp;c;cc;cxx;def;odl;idl;hpj;bat;asm;asmx</Extensions>
    </Filter>
    <Filter Include="Header Files">
      <UniqueIdentifier>{93995380-89BD-4b04-88EB-625FBE52EBFB}</UniqueIdentifier>
      <Extensions>h;hh;hpp;hxx;hm;inl;inc;xsd</Extensions>
    </Filter>
    <Filter Include="Resource Files">
      <UniqueIdentifier>{67DA6AB6-F800-4c08-8B7A-83BB121AAD01}</UniqueIdentifier>
      <Extensions>rc;ico;cur;bmp;dlg;rc2;rct;bin;rgs;gif;jpg;jpeg;jpe;resx;tiff;tif;png;wav</Extensions>
    </Filter>
  </ItemGroup>
  <ItemGroup>
    <ClCompile Include="kernighan&amp;ritchie_examples\1.1_hello_world.c">
      <Filter>Source Files</Filter>
    </ClCompile>
    <ClCompile Include="kernighan&amp;ritchie_examples\1.2_3_4_celsius_fahrenheit_while_float.c">
      <Filter>Source Files</Filter>
    </ClCompile>
    <ClCompile Include="kernighan&amp;ritchie_examples\1.2_celsius_fahrenheit_while.c">
      <Filter>Source Files</Filter>
    </ClCompile>
    <ClCompile Include="kernighan&amp;ritchie_examples\1.3_5_celsius_fahrenheit_revers.c">
      <Filter>Source Files</Filter>
    </ClCompile>
    <ClCompile Include="kernighan&amp;ritchie_examples\1.3_celsius_fahrenheit_for.c">
      <Filter>Source Files</Filter>
    </ClCompile>
    <ClCompile Include="kernighan&amp;ritchie_examples\1.4_celsius_with_define.c">
      <Filter>Source Files</Filter>
    </ClCompile>
    <ClCompile Include="kernighan&amp;ritchie_examples\1.5_1_getchar.c">
      <Filter>Source Files</Filter>
    </ClCompile>
    <ClCompile Include="kernighan&amp;ritchie_examples\1.5_2_getchar.c">
      <Filter>Source Files</Filter>
    </ClCompile>
    <ClCompile Include="kernighan&amp;ritchie_examples\1.9_16_maxline_orbitry.c">
      <Filter>Source Files</Filter>
    </ClCompile>
    <ClCompile Include="kernighan&amp;ritchie_examples\1.9_17_maxline_80.c">
      <Filter>Source Files</Filter>
    </ClCompile>
    <ClCompile Include="kernighan&amp;ritchie_examples\1.9_length_string_with_fuction.c">
      <Filter>Source Files</Filter>
    </ClCompile>
    <ClCompile Include="kernighan&amp;ritchie_examples\1.9_maxline_orbitry.c">
      <Filter>Source Files</Filter>
    </ClCompile>
    <ClCompile Include="kernighan&amp;ritchie_examples\1.c">
      <Filter>Source Files</Filter>
    </ClCompile>
    <ClCompile Include="kernighan&amp;ritchie_examples\1instead2space.c">
      <Filter>Source Files</Filter>
    </ClCompile>
    <ClCompile Include="kernighan&amp;ritchie_examples\calculatio_of_rod_sgd.c">
      <Filter>Source Files</Filter>
    </ClCompile>
    <ClCompile Include="kernighan&amp;ritchie_examples\celsius_with_function.c">
      <Filter>Source Files</Filter>
    </ClCompile>
    <ClCompile Include="kernighan&amp;ritchie_examples\cel_fun.c">
      <Filter>Source Files</Filter>
    </ClCompile>
    <ClCompile Include="kernighan&amp;ritchie_examples\convertfahr.c">
      <Filter>Source Files</Filter>
    </ClCompile>
    <ClCompile Include="kernighan&amp;ritchie_examples\count_string_words_symbols.c">
      <Filter>Source Files</Filter>
    </ClCompile>
    <ClCompile Include="kernighan&amp;ritchie_examples\define_1_0_geany.c">
      <Filter>Source Files</Filter>
    </ClCompile>
    <ClCompile Include="kernighan&amp;ritchie_examples\Enter.c">
      <Filter>Source Files</Filter>
    </ClCompile>
    <ClCompile Include="kernighan&amp;ritchie_examples\EOF_1_0.c">
      <Filter>Source Files</Filter>
    </ClCompile>
    <ClCompile Include="kernighan&amp;ritchie_examples\function_power.c">
      <Filter>Source Files</Filter>
    </ClCompile>
    <ClCompile Include="kernighan&amp;ritchie_examples\getchar_2.c">
      <Filter>Source Files</Filter>
    </ClCompile>
    <ClCompile Include="kernighan&amp;ritchie_examples\getchar_2.prcts.c">
      <Filter>Source Files</Filter>
    </ClCompile>
    <ClCompile Include="kernighan&amp;ritchie_examples\getchar_for.c">
      <Filter>Source Files</Filter>
    </ClCompile>
    <ClCompile Include="kernighan&amp;ritchie_examples\getchar_putchar_while.c">
      <Filter>Source Files</Filter>
    </ClCompile>
    <ClCompile Include="kernighan&amp;ritchie_examples\getchar_putchar_while_endline.c">
      <Filter>Source Files</Filter>
    </ClCompile>
    <ClCompile Include="kernighan&amp;ritchie_examples\if_word-newline.c">
      <Filter>Source Files</Filter>
    </ClCompile>
    <ClCompile Include="kernighan&amp;ritchie_examples\log_example.c">
      <Filter>Source Files</Filter>
    </ClCompile>
    <ClCompile Include="kernighan&amp;ritchie_examples\massive.c">
      <Filter>Source Files</Filter>
    </ClCompile>
    <ClCompile Include="kernighan&amp;ritchie_examples\massive_histogram_lenght.c">
      <Filter>Source Files</Filter>
    </ClCompile>
    <ClCompile Include="kernighan&amp;ritchie_examples\massive_histogram_lenght_vertical.c">
      <Filter>Source Files</Filter>
    </ClCompile>
    <ClCompile Include="kernighan&amp;ritchie_examples\massive_newline_words.c">
      <Filter>Source Files</Filter>
    </ClCompile>
    <ClCompile Include="kernighan&amp;ritchie_examples\printf_f_parameteres.c">
      <Filter>Source Files</Filter>
    </ClCompile>
    <ClCompile Include="kernighan&amp;ritchie_examples\priority_operator.c">
      <Filter>Source Files</Filter>
    </ClCompile>
    <ClCompile Include="kernighan&amp;ritchie_examples\string_counter.c">
      <Filter>Source Files</Filter>
    </ClCompile>
    <ClCompile Include="kernighan&amp;ritchie_examples\sum.c">
      <Filter>Source Files</Filter>
    </ClCompile>
    <ClCompile Include="kernighan&amp;ritchie_examples\test.c">
      <Filter>Source Files</Filter>
    </ClCompile>
    <ClCompile Include="kernighan&amp;ritchie_examples\type_of_variables.c">
      <Filter>Source Files</Filter>
    </ClCompile>
    <ClCompile Include="kernighan&amp;ritchie_examples\while.c">
      <Filter>Source Files</Filter>
    </ClCompile>
    <ClCompile Include="kernighan&amp;ritchie_examples\Wovle.c">
      <Filter>Source Files</Filter>
    </ClCompile>
    <ClCompile Include="prat_examples\print2.c">
      <Filter>Source Files</Filter>
    </ClCompile>
  </ItemGroup>
</Project>